
Microsoft Visual Studio Solution File, Format Version 12.00
# Visual Studio Version 17
VisualStudioVersion = 17.8.34330.188
MinimumVisualStudioVersion = 10.0.40219.1
Project("{9A19103F-16F7-4668-BE54-9A1E7A4F7556}") = "tzWebApi", "tzWebApi\tzWebApi.csproj", "{F2281615-CBA7-40BB-BB51-F8F6BFA0462A}"
EndProject
Project("{9A19103F-16F7-4668-BE54-9A1E7A4F7556}") = "tzWebApi.Tests", "tzWebApi.Tests\tzWebApi.Tests.csproj", "{31230DCB-1832-4512-B89C-2FADF8C4712B}"
EndProject
Project("{FAE04EC0-301F-11D3-BF4B-00C04F79EFBC}") = "tzBlobAzureFunctions", "tzBlobAzureFunctions\tzBlobAzureFunctions.csproj", "{17501772-5E41-4384-B26B-203B9A847F27}"
EndProject
Global
	GlobalSection(SolutionConfigurationPlatforms) = preSolution
		Debug|Any CPU = Debug|Any CPU
		Release|Any CPU = Release|Any CPU
	EndGlobalSection
	GlobalSection(ProjectConfigurationPlatforms) = postSolution
		{F2281615-CBA7-40BB-BB51-F8F6BFA0462A}.Debug|Any CPU.ActiveCfg = Debug|Any CPU
		{F2281615-CBA7-40BB-BB51-F8F6BFA0462A}.Debug|Any CPU.Build.0 = Debug|Any CPU
		{F2281615-CBA7-40BB-BB51-F8F6BFA0462A}.Release|Any CPU.ActiveCfg = Release|Any CPU
		{F2281615-CBA7-40BB-BB51-F8F6BFA0462A}.Release|Any CPU.Build.0 = Release|Any CPU
		{31230DCB-1832-4512-B89C-2FADF8C4712B}.Debug|Any CPU.ActiveCfg = Debug|Any CPU
		{31230DCB-1832-4512-B89C-2FADF8C4712B}.Debug|Any CPU.Build.0 = Debug|Any CPU
		{31230DCB-1832-4512-B89C-2FADF8C4712B}.Release|Any CPU.ActiveCfg = Release|Any CPU
		{31230DCB-1832-4512-B89C-2FADF8C4712B}.Release|Any CPU.Build.0 = Release|Any CPU
		{17501772-5E41-4384-B26B-203B9A847F27}.Debug|Any CPU.ActiveCfg = Debug|Any CPU
		{17501772-5E41-4384-B26B-203B9A847F27}.Debug|Any CPU.Build.0 = Debug|Any CPU
		{17501772-5E41-4384-B26B-203B9A847F27}.Release|Any CPU.ActiveCfg = Release|Any CPU
		{17501772-5E41-4384-B26B-203B9A847F27}.Release|Any CPU.Build.0 = Release|Any CPU
	EndGlobalSection
	GlobalSection(SolutionProperties) = preSolution
		HideSolutionNode = FALSE
	EndGlobalSection
	GlobalSection(ExtensibilityGlobals) = postSolution
		SolutionGuid = {B01D08E0-42DF-46C9-A857-43B29D5760E0}
	EndGlobalSection
EndGlobal
